
Microsoft Visual Studio Solution File, Format Version 12.00
# Visual Studio Version 17
VisualStudioVersion = 17.7.34009.444
MinimumVisualStudioVersion = 10.0.40219.1
Project("{9A19103F-16F7-4668-BE54-9A1E7A4F7556}") = "VendingMachine.Console", "VendingMachine.Console\VendingMachine.Console.csproj", "{156F1243-36EB-42C6-9CEF-BD5FF5B47F3A}"
EndProject
Project("{9A19103F-16F7-4668-BE54-9A1E7A4F7556}") = "VendingMachine.Service", "VendingMachine.Service\VendingMachine.Service.csproj", "{EE5F521C-D44E-433F-A2C2-EFBAB4B6A12C}"
EndProject
Project("{9A19103F-16F7-4668-BE54-9A1E7A4F7556}") = "VendingMachine.Data", "VendingMachine.Data\VendingMachine.Data.csproj", "{0D128830-6E18-4423-B429-0AF87D6AF4F8}"
EndProject
Project("{9A19103F-16F7-4668-BE54-9A1E7A4F7556}") = "VendingMachineTest", "VendingMachineTest\VendingMachineTest.csproj", "{680EBDA0-8AEE-4236-8D12-150492CA2791}"
EndProject
Global
	GlobalSection(SolutionConfigurationPlatforms) = preSolution
		Debug|Any CPU = Debug|Any CPU
		Release|Any CPU = Release|Any CPU
	EndGlobalSection
	GlobalSection(ProjectConfigurationPlatforms) = postSolution
		{156F1243-36EB-42C6-9CEF-BD5FF5B47F3A}.Debug|Any CPU.ActiveCfg = Debug|Any CPU
		{156F1243-36EB-42C6-9CEF-BD5FF5B47F3A}.Debug|Any CPU.Build.0 = Debug|Any CPU
		{156F1243-36EB-42C6-9CEF-BD5FF5B47F3A}.Release|Any CPU.ActiveCfg = Release|Any CPU
		{156F1243-36EB-42C6-9CEF-BD5FF5B47F3A}.Release|Any CPU.Build.0 = Release|Any CPU
		{EE5F521C-D44E-433F-A2C2-EFBAB4B6A12C}.Debug|Any CPU.ActiveCfg = Debug|Any CPU
		{EE5F521C-D44E-433F-A2C2-EFBAB4B6A12C}.Debug|Any CPU.Build.0 = Debug|Any CPU
		{EE5F521C-D44E-433F-A2C2-EFBAB4B6A12C}.Release|Any CPU.ActiveCfg = Release|Any CPU
		{EE5F521C-D44E-433F-A2C2-EFBAB4B6A12C}.Release|Any CPU.Build.0 = Release|Any CPU
		{0D128830-6E18-4423-B429-0AF87D6AF4F8}.Debug|Any CPU.ActiveCfg = Debug|Any CPU
		{0D128830-6E18-4423-B429-0AF87D6AF4F8}.Debug|Any CPU.Build.0 = Debug|Any CPU
		{0D128830-6E18-4423-B429-0AF87D6AF4F8}.Release|Any CPU.ActiveCfg = Release|Any CPU
		{0D128830-6E18-4423-B429-0AF87D6AF4F8}.Release|Any CPU.Build.0 = Release|Any CPU
		{680EBDA0-8AEE-4236-8D12-150492CA2791}.Debug|Any CPU.ActiveCfg = Debug|Any CPU
		{680EBDA0-8AEE-4236-8D12-150492CA2791}.Debug|Any CPU.Build.0 = Debug|Any CPU
		{680EBDA0-8AEE-4236-8D12-150492CA2791}.Release|Any CPU.ActiveCfg = Release|Any CPU
		{680EBDA0-8AEE-4236-8D12-150492CA2791}.Release|Any CPU.Build.0 = Release|Any CPU
	EndGlobalSection
	GlobalSection(SolutionProperties) = preSolution
		HideSolutionNode = FALSE
	EndGlobalSection
	GlobalSection(ExtensibilityGlobals) = postSolution
		SolutionGuid = {3B1C6CCE-06F6-48F7-955A-C1B60BAEC35A}
	EndGlobalSection
EndGlobal
